lockfileVersion: '9.0'

settings:
  autoInstallPeers: true
  excludeLinksFromLockfile: false

importers:

  .:
    dependencies:
      '@vitejs/plugin-react':
        specifier: ^4.3.4
        version: 4.7.0(vite@6.4.3)
      lucide-react:
        specifier: ^0.468.0
        version: 0.468.0(react@19.2.7)
      react:
        specifier: ^19.0.0
        version: 19.2.7
      react-dom:
        specifier: ^19.0.0
        version: 19.2.7(react@19.2.7)
      vite:
        specifier: ^6.0.7
        version: 6.4.3

packages:

  '@babel/code-frame@7.29.7':
    resolution: {integrity: sha512-Aup7aUOfpbAUoJN6Iw5f9DMBlzu0mIkm/malLQFN/YQgO48wCj0Kxa3sEHJvPVFg7siR+qRInwXd2qhQKw==}
    engines: {node: '>=6.9.0'}
